// !$*UTF8*$!
{
	archiveVersion = 1;
	classes = {
	};
	objectVersion = 46;
	objects = {

/* Begin PBXBuildFile section */
		AB999BED1DD8BAB6004EDA95 /* ConfigLocation.swift in Sources */ = {isa = PBXBuildFile; fileRef = AB999BE81DD8BAB6004EDA95 /* ConfigLocation.swift */; };
		AB999BEE1DD8BAB6004EDA95 /* ConfigNode.swift in Sources */ = {isa = PBXBuildFile; fileRef = AB999BE91DD8BAB6004EDA95 /* ConfigNode.swift */; };
		AB999BEF1DD8BAB6004EDA95 /* Configuration.swift in Sources */ = {isa = PBXBuildFile; fileRef = AB999BEA1DD8BAB6004EDA95 /* Configuration.swift */; };
		AB999BF01DD8BAB6004EDA95 /* Dictionary+Utils.swift in Sources */ = {isa = PBXBuildFile; fileRef = AB999BEC1DD8BAB6004EDA95 /* Dictionary+Utils.swift */; };
		_LinkFileRef_Utilities_via_UtilitiesTests /* Utilities.framework in Frameworks */ = {isa = PBXBuildFile; fileRef = "_____Product_Utilities" /* Utilities.framework */; };
		__src_cc_ref_Tests/UtilitiesTests/UtilitiesTests.swift /* UtilitiesTests.swift in Sources */ = {isa = PBXBuildFile; fileRef = __PBXFileRef_Tests/UtilitiesTests/UtilitiesTests.swift /* UtilitiesTests.swift */; };
/* End PBXBuildFile section */

/* Begin PBXContainerItemProxy section */
		ABE933C71DCE22DC002DEED3 /* PBXContainerItemProxy */ = {
			isa = PBXContainerItemProxy;
			containerPortal = __RootObject_ /* Project object */;
			proxyType = 1;
			remoteGlobalIDString = "______Target_Utilities";
			remoteInfo = Utilities;
		};
/* End PBXContainerItemProxy section */

/* Begin PBXFileReference section */
		AB999BE81DD8BAB6004EDA95 /* ConfigLocation.swift */ = {isa = PBXFileReference; fileEncoding = 4; lastKnownFileType = sourcecode.swift; path = ConfigLocation.swift; sourceTree = "<group>"; };
		AB999BE91DD8BAB6004EDA95 /* ConfigNode.swift */ = {isa = PBXFileReference; fileEncoding = 4; lastKnownFileType = sourcecode.swift; path = ConfigNode.swift; sourceTree = "<group>"; };
		AB999BEA1DD8BAB6004EDA95 /* Configuration.swift */ = {isa = PBXFileReference; fileEncoding = 4; lastKnownFileType = sourcecode.swift; path = Configuration.swift; sourceTree = "<group>"; };
		AB999BEC1DD8BAB6004EDA95 /* Dictionary+Utils.swift */ = {isa = PBXFileReference; fileEncoding = 4; lastKnownFileType = sourcecode.swift; path = "Dictionary+Utils.swift"; sourceTree = "<group>"; };
		__PBXFileRef_Package.swift /* Package.swift */ = {isa = PBXFileReference; lastKnownFileType = sourcecode.swift; path = Package.swift; sourceTree = "<group>"; };
		__PBXFileRef_Tests/UtilitiesTests/UtilitiesTests.swift /* UtilitiesTests.swift */ = {isa = PBXFileReference; lastKnownFileType = sourcecode.swift; path = UtilitiesTests.swift; sourceTree = "<group>"; };
		"_____Product_Utilities" /* Utilities.framework */ = {isa = PBXFileReference; explicitFileType = wrapper.framework; path = Utilities.framework; sourceTree = BUILT_PRODUCTS_DIR; };
		"_____Product_UtilitiesTests" /* .xctest */ = {isa = PBXFileReference; explicitFileType = wrapper.cfbundle; path = .xctest; sourceTree = BUILT_PRODUCTS_DIR; };
/* End PBXFileReference section */

/* Begin PBXFrameworksBuildPhase section */
		"___LinkPhase_Utilities" /* Frameworks */ = {
			isa = PBXFrameworksBuildPhase;
			buildActionMask = 0;
			files = (
			);
			runOnlyForDeploymentPostprocessing = 0;
		};
		"___LinkPhase_UtilitiesTests" /* Frameworks */ = {
			isa = PBXFrameworksBuildPhase;
			buildActionMask = 0;
			files = (
				_LinkFileRef_Utilities_via_UtilitiesTests /* Utilities.framework in Frameworks */,
			);
			runOnlyForDeploymentPostprocessing = 0;
		};
/* End PBXFrameworksBuildPhase section */

/* Begin PBXGroup section */
		AB999BE61DD8BAB6004EDA95 /* Utils */ = {
			isa = PBXGroup;
			children = (
				AB999BE71DD8BAB6004EDA95 /* Configuration */,
				AB999BEA1DD8BAB6004EDA95 /* Configuration.swift */,
				AB999BEB1DD8BAB6004EDA95 /* extensions */,
			);
			name = Utils;
			path = Sources/Utils;
			sourceTree = "<group>";
		};
		AB999BE71DD8BAB6004EDA95 /* Configuration */ = {
			isa = PBXGroup;
			children = (
				AB999BE81DD8BAB6004EDA95 /* ConfigLocation.swift */,
				AB999BE91DD8BAB6004EDA95 /* ConfigNode.swift */,
			);
			path = Configuration;
			sourceTree = "<group>";
		};
		AB999BEB1DD8BAB6004EDA95 /* extensions */ = {
			isa = PBXGroup;
			children = (
				AB999BEC1DD8BAB6004EDA95 /* Dictionary+Utils.swift */,
			);
			path = extensions;
			sourceTree = "<group>";
		};
		TestProducts_ /* Tests */ = {
			isa = PBXGroup;
			children = (
				"_____Product_UtilitiesTests" /* .xctest */,
			);
			name = Tests;
			sourceTree = "<group>";
		};
		"___RootGroup_" = {
			isa = PBXGroup;
			children = (
				__PBXFileRef_Package.swift /* Package.swift */,
				"_____Sources_" /* Sources */,
				"_______Tests_" /* Tests */,
				"____Products_" /* Products */,
			);
			sourceTree = "<group>";
		};
		"____Products_" /* Products */ = {
			isa = PBXGroup;
			children = (
				TestProducts_ /* Tests */,
				"_____Product_Utilities" /* Utilities.framework */,
			);
			name = Products;
			sourceTree = "<group>";
		};
		"_____Sources_" /* Sources */ = {
			isa = PBXGroup;
			children = (
				AB999BE61DD8BAB6004EDA95 /* Utils */,
			);
			name = Sources;
			sourceTree = "<group>";
		};
		"_______Group_UtilitiesTests" /* UtilitiesTests */ = {
			isa = PBXGroup;
			children = (
				__PBXFileRef_Tests/UtilitiesTests/UtilitiesTests.swift /* UtilitiesTests.swift */,
			);
			name = UtilitiesTests;
			path = Tests/UtilitiesTests;
			sourceTree = "<group>";
		};
		"_______Tests_" /* Tests */ = {
			isa = PBXGroup;
			children = (
				"_______Group_UtilitiesTests" /* UtilitiesTests */,
			);
			name = Tests;
			sourceTree = "<group>";
		};
/* End PBXGroup section */

/* Begin PBXNativeTarget section */
		"______Target_Utilities" /* Utilities */ = {
			isa = PBXNativeTarget;
			buildConfigurationList = "_______Confs_Utilities" /* Build configuration list for PBXNativeTarget "Utilities" */;
			buildPhases = (
				CompilePhase_Utilities /* Sources */,
				"___LinkPhase_Utilities" /* Frameworks */,
			);
			buildRules = (
			);
			dependencies = (
			);
			name = Utilities;
			productName = Utilities;
			productReference = "_____Product_Utilities" /* Utilities.framework */;
			productType = "com.apple.product-type.framework";
		};
		"______Target_UtilitiesTests" /* UtilitiesTests */ = {
			isa = PBXNativeTarget;
			buildConfigurationList = "_______Confs_UtilitiesTests" /* Build configuration list for PBXNativeTarget "UtilitiesTests" */;
			buildPhases = (
				CompilePhase_UtilitiesTests /* Sources */,
				"___LinkPhase_UtilitiesTests" /* Frameworks */,
			);
			buildRules = (
			);
			dependencies = (
				__Dependency_Utilities /* PBXTargetDependency */,
			);
			name = UtilitiesTests;
			productName = UtilitiesTests;
			productReference = "_____Product_UtilitiesTests" /* .xctest */;
			productType = "com.apple.product-type.bundle.unit-test";
		};
/* End PBXNativeTarget section */

/* Begin PBXProject section */
		__RootObject_ /* Project object */ = {
			isa = PBXProject;
			attributes = {
				LastUpgradeCheck = 9999;
				TargetAttributes = {
					"______Target_Utilities" = {
						LastSwiftMigration = 0800;
					};
				};
			};
			buildConfigurationList = "___RootConfs_" /* Build configuration list for PBXProject "Utilities" */;
			compatibilityVersion = "Xcode 3.2";
			developmentRegion = English;
			hasScannedForEncodings = 0;
			knownRegions = (
				en,
			);
			mainGroup = "___RootGroup_";
			productRefGroup = "____Products_" /* Products */;
			projectDirPath = "";
			projectRoot = "";
			targets = (
				"______Target_Utilities" /* Utilities */,
				"______Target_UtilitiesTests" /* UtilitiesTests */,
			);
		};
/* End PBXProject section */

/* Begin PBXSourcesBuildPhase section */
		CompilePhase_Utilities /* Sources */ = {
			isa = PBXSourcesBuildPhase;
			buildActionMask = 0;
			files = (
				AB999BEF1DD8BAB6004EDA95 /* Configuration.swift in Sources */,
				AB999BED1DD8BAB6004EDA95 /* ConfigLocation.swift in Sources */,
				AB999BEE1DD8BAB6004EDA95 /* ConfigNode.swift in Sources */,
				AB999BF01DD8BAB6004EDA95 /* Dictionary+Utils.swift in Sources */,
			);
			runOnlyForDeploymentPostprocessing = 0;
		};
		CompilePhase_UtilitiesTests /* Sources */ = {
			isa = PBXSourcesBuildPhase;
			buildActionMask = 0;
			files = (
				__src_cc_ref_Tests/UtilitiesTests/UtilitiesTests.swift /* UtilitiesTests.swift in Sources */,
			);
			runOnlyForDeploymentPostprocessing = 0;
		};
/* End PBXSourcesBuildPhase section */

/* Begin PBXTargetDependency section */
		__Dependency_Utilities /* PBXTargetDependency */ = {
			isa = PBXTargetDependency;
			target = "______Target_Utilities" /* Utilities */;
			targetProxy = ABE933C71DCE22DC002DEED3 /* PBXContainerItemProxy */;
		};
/* End PBXTargetDependency section */

/* Begin XCBuildConfiguration section */
		_ReleaseConf_Utilities /* Release */ = {
			isa = XCBuildConfiguration;
			buildSettings = {
				CLANG_ENABLE_MODULES = YES;
				DEFINES_MODULE = YES;
				ENABLE_TESTABILITY = YES;
				FRAMEWORK_SEARCH_PATHS = "$(PLATFORM_DIR)/Developer/Library/Frameworks";
				INFOPLIST_FILE = Utilities.xcodeproj/Utilities_Info.plist;
				LD_RUNPATH_SEARCH_PATHS = "$(TOOLCHAIN_DIR)/usr/lib/swift/macosx";
				OTHER_LDFLAGS = "$(inherited)";
				OTHER_SWIFT_FLAGS = "$(inherited)";
				PRODUCT_BUNDLE_IDENTIFIER = Utilities;
				PRODUCT_MODULE_NAME = "$(TARGET_NAME:c99extidentifier)";
				PRODUCT_NAME = "$(TARGET_NAME:c99extidentifier)";
				SUPPORTED_PLATFORMS = "macosx iphoneos iphonesimulator";
				SWIFT_VERSION = 3.0;
			};
			name = Release;
		};
		_ReleaseConf_UtilitiesTests /* Release */ = {
			isa = XCBuildConfiguration;
			buildSettings = {
				ALWAYS_EMBED_SWIFT_STANDARD_LIBRARIES = YES;
				EMBEDDED_CONTENT_CONTAINS_SWIFT = YES;
				FRAMEWORK_SEARCH_PATHS = "$(PLATFORM_DIR)/Developer/Library/Frameworks";
				INFOPLIST_FILE = Utilities.xcodeproj/UtilitiesTests_Info.plist;
				LD_RUNPATH_SEARCH_PATHS = "@loader_path/../Frameworks";
				OTHER_LDFLAGS = "$(inherited)";
				OTHER_SWIFT_FLAGS = "$(inherited)";
				SWIFT_VERSION = 3.0;
			};
			name = Release;
		};
		"___DebugConf_Utilities" /* Debug */ = {
			isa = XCBuildConfiguration;
			buildSettings = {
				CLANG_ENABLE_MODULES = YES;
				DEFINES_MODULE = YES;
				ENABLE_TESTABILITY = YES;
				FRAMEWORK_SEARCH_PATHS = "$(PLATFORM_DIR)/Developer/Library/Frameworks";
				INFOPLIST_FILE = Utilities.xcodeproj/Utilities_Info.plist;
				LD_RUNPATH_SEARCH_PATHS = "$(TOOLCHAIN_DIR)/usr/lib/swift/macosx";
				OTHER_LDFLAGS = "$(inherited)";
				OTHER_SWIFT_FLAGS = "$(inherited)";
				PRODUCT_BUNDLE_IDENTIFIER = Utilities;
				PRODUCT_MODULE_NAME = "$(TARGET_NAME:c99extidentifier)";
				PRODUCT_NAME = "$(TARGET_NAME:c99extidentifier)";
				SUPPORTED_PLATFORMS = "macosx iphoneos iphonesimulator";
				SWIFT_OPTIMIZATION_LEVEL = "-Onone";
				SWIFT_VERSION = 3.0;
			};
			name = Debug;
		};
		"___DebugConf_UtilitiesTests" /* Debug */ = {
			isa = XCBuildConfiguration;
			buildSettings = {
				ALWAYS_EMBED_SWIFT_STANDARD_LIBRARIES = YES;
				EMBEDDED_CONTENT_CONTAINS_SWIFT = YES;
				FRAMEWORK_SEARCH_PATHS = "$(PLATFORM_DIR)/Developer/Library/Frameworks";
				INFOPLIST_FILE = Utilities.xcodeproj/UtilitiesTests_Info.plist;
				LD_RUNPATH_SEARCH_PATHS = "@loader_path/../Frameworks";
				OTHER_LDFLAGS = "$(inherited)";
				OTHER_SWIFT_FLAGS = "$(inherited)";
				SWIFT_OPTIMIZATION_LEVEL = "-Onone";
				SWIFT_VERSION = 3.0;
			};
			name = Debug;
		};
		"_____Release_" /* Release */ = {
			isa = XCBuildConfiguration;
			buildSettings = {
				SUPPORTED_PLATFORMS = "macosx iOS";
			};
			name = Release;
		};
		"_______Debug_" /* Debug */ = {
			isa = XCBuildConfiguration;
			buildSettings = {
				SUPPORTED_PLATFORMS = "macosx iOS";
			};
			name = Debug;
		};
/* End XCBuildConfiguration section */

/* Begin XCConfigurationList section */
		"___RootConfs_" /* Build configuration list for PBXProject "Utilities" */ = {
			isa = XCConfigurationList;
			buildConfigurations = (
				"_______Debug_" /* Debug */,
				"_____Release_" /* Release */,
			);
			defaultConfigurationIsVisible = 0;
			defaultConfigurationName = Debug;
		};
		"_______Confs_Utilities" /* Build configuration list for PBXNativeTarget "Utilities" */ = {
			isa = XCConfigurationList;
			buildConfigurations = (
				"___DebugConf_Utilities" /* Debug */,
				_ReleaseConf_Utilities /* Release */,
			);
			defaultConfigurationIsVisible = 0;
			defaultConfigurationName = Debug;
		};
		"_______Confs_UtilitiesTests" /* Build configuration list for PBXNativeTarget "UtilitiesTests" */ = {
			isa = XCConfigurationList;
			buildConfigurations = (
				"___DebugConf_UtilitiesTests" /* Debug */,
				_ReleaseConf_UtilitiesTests /* Release */,
			);
			defaultConfigurationIsVisible = 0;
			defaultConfigurationName = Debug;
		};
/* End XCConfigurationList section */
	};
	rootObject = __RootObject_ /* Project object */;
}
