// !$*UTF8*$!
{
	archiveVersion = 1;
	classes = {
	};
	objectVersion = 46;
	objects = {

/* Begin PBXBuildFile section */
		AB999BAC1DCE6564004EDA95 /* AppDelegate.swift in Sources */ = {isa = PBXBuildFile; fileRef = AB999BAB1DCE6564004EDA95 /* AppDelegate.swift */; };
		AB999BAE1DCE6564004EDA95 /* ViewController.swift in Sources */ = {isa = PBXBuildFile; fileRef = AB999BAD1DCE6564004EDA95 /* ViewController.swift */; };
		AB999BB11DCE6564004EDA95 /* Main.storyboard in Resources */ = {isa = PBXBuildFile; fileRef = AB999BAF1DCE6564004EDA95 /* Main.storyboard */; };
		AB999BB31DCE6565004EDA95 /* Assets.xcassets in Resources */ = {isa = PBXBuildFile; fileRef = AB999BB21DCE6565004EDA95 /* Assets.xcassets */; };
		AB999BB61DCE6565004EDA95 /* LaunchScreen.storyboard in Resources */ = {isa = PBXBuildFile; fileRef = AB999BB41DCE6565004EDA95 /* LaunchScreen.storyboard */; };
		AB999BC11DCE6565004EDA95 /* ConfigurationDemoUITests.swift in Sources */ = {isa = PBXBuildFile; fileRef = AB999BC01DCE6565004EDA95 /* ConfigurationDemoUITests.swift */; };
		AB999BCC1DCE6586004EDA95 /* Configs in Resources */ = {isa = PBXBuildFile; fileRef = AB999BCB1DCE6586004EDA95 /* Configs */; };
		AB999BD91DCE670E004EDA95 /* Utilities.framework in Frameworks */ = {isa = PBXBuildFile; fileRef = AB999BD81DCE670E004EDA95 /* Utilities.framework */; };
		AB999BDA1DCE670E004EDA95 /* Utilities.framework in Embed Frameworks */ = {isa = PBXBuildFile; fileRef = AB999BD81DCE670E004EDA95 /* Utilities.framework */; settings = {ATTRIBUTES = (CodeSignOnCopy, RemoveHeadersOnCopy, ); }; };
/* End PBXBuildFile section */

/* Begin PBXContainerItemProxy section */
		AB999BBD1DCE6565004EDA95 /* PBXContainerItemProxy */ = {
			isa = PBXContainerItemProxy;
			containerPortal = AB999BA01DCE6564004EDA95 /* Project object */;
			proxyType = 1;
			remoteGlobalIDString = AB999BA71DCE6564004EDA95;
			remoteInfo = ConfigurationDemo;
		};
/* End PBXContainerItemProxy section */

/* Begin PBXCopyFilesBuildPhase section */
		AB999BD71DCE66A8004EDA95 /* Embed Frameworks */ = {
			isa = PBXCopyFilesBuildPhase;
			buildActionMask = 2147483647;
			dstPath = "";
			dstSubfolderSpec = 10;
			files = (
				AB999BDA1DCE670E004EDA95 /* Utilities.framework in Embed Frameworks */,
			);
			name = "Embed Frameworks";
			runOnlyForDeploymentPostprocessing = 0;
		};
/* End PBXCopyFilesBuildPhase section */

/* Begin PBXFileReference section */
		AB999BA81DCE6564004EDA95 /* ConfigurationDemo.app */ = {isa = PBXFileReference; explicitFileType = wrapper.application; includeInIndex = 0; path = ConfigurationDemo.app; sourceTree = BUILT_PRODUCTS_DIR; };
		AB999BAB1DCE6564004EDA95 /* AppDelegate.swift */ = {isa = PBXFileReference; lastKnownFileType = sourcecode.swift; path = AppDelegate.swift; sourceTree = "<group>"; };
		AB999BAD1DCE6564004EDA95 /* ViewController.swift */ = {isa = PBXFileReference; lastKnownFileType = sourcecode.swift; path = ViewController.swift; sourceTree = "<group>"; };
		AB999BB01DCE6564004EDA95 /* Base */ = {isa = PBXFileReference; lastKnownFileType = file.storyboard; name = Base; path = Base.lproj/Main.storyboard; sourceTree = "<group>"; };
		AB999BB21DCE6565004EDA95 /* Assets.xcassets */ = {isa = PBXFileReference; lastKnownFileType = folder.assetcatalog; path = Assets.xcassets; sourceTree = "<group>"; };
		AB999BB51DCE6565004EDA95 /* Base */ = {isa = PBXFileReference; lastKnownFileType = file.storyboard; name = Base; path = Base.lproj/LaunchScreen.storyboard; sourceTree = "<group>"; };
		AB999BB71DCE6565004EDA95 /* Info.plist */ = {isa = PBXFileReference; lastKnownFileType = text.plist.xml; path = Info.plist; sourceTree = "<group>"; };
		AB999BBC1DCE6565004EDA95 /* ConfigurationDemoUITests.xctest */ = {isa = PBXFileReference; explicitFileType = wrapper.cfbundle; includeInIndex = 0; path = ConfigurationDemoUITests.xctest; sourceTree = BUILT_PRODUCTS_DIR; };
		AB999BC01DCE6565004EDA95 /* ConfigurationDemoUITests.swift */ = {isa = PBXFileReference; lastKnownFileType = sourcecode.swift; path = ConfigurationDemoUITests.swift; sourceTree = "<group>"; };
		AB999BC21DCE6565004EDA95 /* Info.plist */ = {isa = PBXFileReference; lastKnownFileType = text.plist.xml; path = Info.plist; sourceTree = "<group>"; };
		AB999BCB1DCE6586004EDA95 /* Configs */ = {isa = PBXFileReference; lastKnownFileType = folder; path = Configs; sourceTree = "<group>"; };
		AB999BD81DCE670E004EDA95 /* Utilities.framework */ = {isa = PBXFileReference; explicitFileType = wrapper.framework; path = Utilities.framework; sourceTree = BUILT_PRODUCTS_DIR; };
/* End PBXFileReference section */

/* Begin PBXFrameworksBuildPhase section */
		AB999BA51DCE6564004EDA95 /* Frameworks */ = {
			isa = PBXFrameworksBuildPhase;
			buildActionMask = 2147483647;
			files = (
				AB999BD91DCE670E004EDA95 /* Utilities.framework in Frameworks */,
			);
			runOnlyForDeploymentPostprocessing = 0;
		};
		AB999BB91DCE6565004EDA95 /* Frameworks */ = {
			isa = PBXFrameworksBuildPhase;
			buildActionMask = 2147483647;
			files = (
			);
			runOnlyForDeploymentPostprocessing = 0;
		};
/* End PBXFrameworksBuildPhase section */

/* Begin PBXGroup section */
		AB999B9F1DCE6564004EDA95 = {
			isa = PBXGroup;
			children = (
				AB999BAA1DCE6564004EDA95 /* ConfigurationDemo */,
				AB999BBF1DCE6565004EDA95 /* ConfigurationDemoUITests */,
				AB999BA91DCE6564004EDA95 /* Products */,
			);
			sourceTree = "<group>";
		};
		AB999BA91DCE6564004EDA95 /* Products */ = {
			isa = PBXGroup;
			children = (
				AB999BA81DCE6564004EDA95 /* ConfigurationDemo.app */,
				AB999BBC1DCE6565004EDA95 /* ConfigurationDemoUITests.xctest */,
			);
			name = Products;
			sourceTree = "<group>";
		};
		AB999BAA1DCE6564004EDA95 /* ConfigurationDemo */ = {
			isa = PBXGroup;
			children = (
				AB999BD81DCE670E004EDA95 /* Utilities.framework */,
				AB999BCB1DCE6586004EDA95 /* Configs */,
				AB999BAB1DCE6564004EDA95 /* AppDelegate.swift */,
				AB999BAD1DCE6564004EDA95 /* ViewController.swift */,
				AB999BAF1DCE6564004EDA95 /* Main.storyboard */,
				AB999BB21DCE6565004EDA95 /* Assets.xcassets */,
				AB999BB41DCE6565004EDA95 /* LaunchScreen.storyboard */,
				AB999BB71DCE6565004EDA95 /* Info.plist */,
			);
			path = ConfigurationDemo;
			sourceTree = "<group>";
		};
		AB999BBF1DCE6565004EDA95 /* ConfigurationDemoUITests */ = {
			isa = PBXGroup;
			children = (
				AB999BC01DCE6565004EDA95 /* ConfigurationDemoUITests.swift */,
				AB999BC21DCE6565004EDA95 /* Info.plist */,
			);
			path = ConfigurationDemoUITests;
			sourceTree = "<group>";
		};
/* End PBXGroup section */

/* Begin PBXNativeTarget section */
		AB999BA71DCE6564004EDA95 /* ConfigurationDemo */ = {
			isa = PBXNativeTarget;
			buildConfigurationList = AB999BC51DCE6565004EDA95 /* Build configuration list for PBXNativeTarget "ConfigurationDemo" */;
			buildPhases = (
				AB999BA41DCE6564004EDA95 /* Sources */,
				AB999BA51DCE6564004EDA95 /* Frameworks */,
				AB999BA61DCE6564004EDA95 /* Resources */,
				AB999BD71DCE66A8004EDA95 /* Embed Frameworks */,
			);
			buildRules = (
			);
			dependencies = (
			);
			name = ConfigurationDemo;
			productName = ConfigurationDemo;
			productReference = AB999BA81DCE6564004EDA95 /* ConfigurationDemo.app */;
			productType = "com.apple.product-type.application";
		};
		AB999BBB1DCE6565004EDA95 /* ConfigurationDemoUITests */ = {
			isa = PBXNativeTarget;
			buildConfigurationList = AB999BC81DCE6565004EDA95 /* Build configuration list for PBXNativeTarget "ConfigurationDemoUITests" */;
			buildPhases = (
				AB999BB81DCE6565004EDA95 /* Sources */,
				AB999BB91DCE6565004EDA95 /* Frameworks */,
				AB999BBA1DCE6565004EDA95 /* Resources */,
			);
			buildRules = (
			);
			dependencies = (
				AB999BBE1DCE6565004EDA95 /* PBXTargetDependency */,
			);
			name = ConfigurationDemoUITests;
			productName = ConfigurationDemoUITests;
			productReference = AB999BBC1DCE6565004EDA95 /* ConfigurationDemoUITests.xctest */;
			productType = "com.apple.product-type.bundle.ui-testing";
		};
/* End PBXNativeTarget section */

/* Begin PBXProject section */
		AB999BA01DCE6564004EDA95 /* Project object */ = {
			isa = PBXProject;
			attributes = {
				LastSwiftUpdateCheck = 0800;
				LastUpgradeCheck = 0800;
				ORGANIZATIONNAME = uniqlabs;
				TargetAttributes = {
					AB999BA71DCE6564004EDA95 = {
						CreatedOnToolsVersion = 8.0;
						DevelopmentTeam = W2MHQ39N9M;
						ProvisioningStyle = Automatic;
					};
					AB999BBB1DCE6565004EDA95 = {
						CreatedOnToolsVersion = 8.0;
						DevelopmentTeam = W2MHQ39N9M;
						ProvisioningStyle = Automatic;
						TestTargetID = AB999BA71DCE6564004EDA95;
					};
				};
			};
			buildConfigurationList = AB999BA31DCE6564004EDA95 /* Build configuration list for PBXProject "ConfigurationDemo" */;
			compatibilityVersion = "Xcode 3.2";
			developmentRegion = English;
			hasScannedForEncodings = 0;
			knownRegions = (
				en,
				Base,
			);
			mainGroup = AB999B9F1DCE6564004EDA95;
			productRefGroup = AB999BA91DCE6564004EDA95 /* Products */;
			projectDirPath = "";
			projectRoot = "";
			targets = (
				AB999BA71DCE6564004EDA95 /* ConfigurationDemo */,
				AB999BBB1DCE6565004EDA95 /* ConfigurationDemoUITests */,
			);
		};
/* End PBXProject section */

/* Begin PBXResourcesBuildPhase section */
		AB999BA61DCE6564004EDA95 /* Resources */ = {
			isa = PBXResourcesBuildPhase;
			buildActionMask = 2147483647;
			files = (
				AB999BCC1DCE6586004EDA95 /* Configs in Resources */,
				AB999BB61DCE6565004EDA95 /* LaunchScreen.storyboard in Resources */,
				AB999BB31DCE6565004EDA95 /* Assets.xcassets in Resources */,
				AB999BB11DCE6564004EDA95 /* Main.storyboard in Resources */,
			);
			runOnlyForDeploymentPostprocessing = 0;
		};
		AB999BBA1DCE6565004EDA95 /* Resources */ = {
			isa = PBXResourcesBuildPhase;
			buildActionMask = 2147483647;
			files = (
			);
			runOnlyForDeploymentPostprocessing = 0;
		};
/* End PBXResourcesBuildPhase section */

/* Begin PBXSourcesBuildPhase section */
		AB999BA41DCE6564004EDA95 /* Sources */ = {
			isa = PBXSourcesBuildPhase;
			buildActionMask = 2147483647;
			files = (
				AB999BAE1DCE6564004EDA95 /* ViewController.swift in Sources */,
				AB999BAC1DCE6564004EDA95 /* AppDelegate.swift in Sources */,
			);
			runOnlyForDeploymentPostprocessing = 0;
		};
		AB999BB81DCE6565004EDA95 /* Sources */ = {
			isa = PBXSourcesBuildPhase;
			buildActionMask = 2147483647;
			files = (
				AB999BC11DCE6565004EDA95 /* ConfigurationDemoUITests.swift in Sources */,
			);
			runOnlyForDeploymentPostprocessing = 0;
		};
/* End PBXSourcesBuildPhase section */

/* Begin PBXTargetDependency section */
		AB999BBE1DCE6565004EDA95 /* PBXTargetDependency */ = {
			isa = PBXTargetDependency;
			target = AB999BA71DCE6564004EDA95 /* ConfigurationDemo */;
			targetProxy = AB999BBD1DCE6565004EDA95 /* PBXContainerItemProxy */;
		};
/* End PBXTargetDependency section */

/* Begin PBXVariantGroup section */
		AB999BAF1DCE6564004EDA95 /* Main.storyboard */ = {
			isa = PBXVariantGroup;
			children = (
				AB999BB01DCE6564004EDA95 /* Base */,
			);
			name = Main.storyboard;
			sourceTree = "<group>";
		};
		AB999BB41DCE6565004EDA95 /* LaunchScreen.storyboard */ = {
			isa = PBXVariantGroup;
			children = (
				AB999BB51DCE6565004EDA95 /* Base */,
			);
			name = LaunchScreen.storyboard;
			sourceTree = "<group>";
		};
/* End PBXVariantGroup section */

/* Begin XCBuildConfiguration section */
		AB999BC31DCE6565004EDA95 /* Debug */ = {
			isa = XCBuildConfiguration;
			buildSettings = {
				ALWAYS_SEARCH_USER_PATHS = NO;
				CLANG_ANALYZER_NONNULL = YES;
				CLANG_CXX_LANGUAGE_STANDARD = "gnu++0x";
				CLANG_CXX_LIBRARY = "libc++";
				CLANG_ENABLE_MODULES = YES;
				CLANG_ENABLE_OBJC_ARC = YES;
				CLANG_WARN_BOOL_CONVERSION = YES;
				CLANG_WARN_CONSTANT_CONVERSION = YES;
				CLANG_WARN_DIRECT_OBJC_ISA_USAGE = YES_ERROR;
				CLANG_WARN_DOCUMENTATION_COMMENTS = YES;
				CLANG_WARN_EMPTY_BODY = YES;
				CLANG_WARN_ENUM_CONVERSION = YES;
				CLANG_WARN_INFINITE_RECURSION = YES;
				CLANG_WARN_INT_CONVERSION = YES;
				CLANG_WARN_OBJC_ROOT_CLASS = YES_ERROR;
				CLANG_WARN_SUSPICIOUS_MOVES = YES;
				CLANG_WARN_UNREACHABLE_CODE = YES;
				CLANG_WARN__DUPLICATE_METHOD_MATCH = YES;
				"CODE_SIGN_IDENTITY[sdk=iphoneos*]" = "iPhone Developer";
				COPY_PHASE_STRIP = NO;
				DEBUG_INFORMATION_FORMAT = dwarf;
				ENABLE_STRICT_OBJC_MSGSEND = YES;
				ENABLE_TESTABILITY = YES;
				GCC_C_LANGUAGE_STANDARD = gnu99;
				GCC_DYNAMIC_NO_PIC = NO;
				GCC_NO_COMMON_BLOCKS = YES;
				GCC_OPTIMIZATION_LEVEL = 0;
				GCC_PREPROCESSOR_DEFINITIONS = (
					"DEBUG=1",
					"$(inherited)",
				);
				GCC_WARN_64_TO_32_BIT_CONVERSION = YES;
				GCC_WARN_ABOUT_RETURN_TYPE = YES_ERROR;
				GCC_WARN_UNDECLARED_SELECTOR = YES;
				GCC_WARN_UNINITIALIZED_AUTOS = YES_AGGRESSIVE;
				GCC_WARN_UNUSED_FUNCTION = YES;
				GCC_WARN_UNUSED_VARIABLE = YES;
				IPHONEOS_DEPLOYMENT_TARGET = 10.0;
				MTL_ENABLE_DEBUG_INFO = YES;
				ONLY_ACTIVE_ARCH = YES;
				SDKROOT = iphoneos;
				SWIFT_ACTIVE_COMPILATION_CONDITIONS = DEBUG;
				SWIFT_OPTIMIZATION_LEVEL = "-Onone";
			};
			name = Debug;
		};
		AB999BC41DCE6565004EDA95 /* Release */ = {
			isa = XCBuildConfiguration;
			buildSettings = {
				ALWAYS_SEARCH_USER_PATHS = NO;
				CLANG_ANALYZER_NONNULL = YES;
				CLANG_CXX_LANGUAGE_STANDARD = "gnu++0x";
				CLANG_CXX_LIBRARY = "libc++";
				CLANG_ENABLE_MODULES = YES;
				CLANG_ENABLE_OBJC_ARC = YES;
				CLANG_WARN_BOOL_CONVERSION = YES;
				CLANG_WARN_CONSTANT_CONVERSION = YES;
				CLANG_WARN_DIRECT_OBJC_ISA_USAGE = YES_ERROR;
				CLANG_WARN_DOCUMENTATION_COMMENTS = YES;
				CLANG_WARN_EMPTY_BODY = YES;
				CLANG_WARN_ENUM_CONVERSION = YES;
				CLANG_WARN_INFINITE_RECURSION = YES;
				CLANG_WARN_INT_CONVERSION = YES;
				CLANG_WARN_OBJC_ROOT_CLASS = YES_ERROR;
				CLANG_WARN_SUSPICIOUS_MOVES = YES;
				CLANG_WARN_UNREACHABLE_CODE = YES;
				CLANG_WARN__DUPLICATE_METHOD_MATCH = YES;
				"CODE_SIGN_IDENTITY[sdk=iphoneos*]" = "iPhone Developer";
				COPY_PHASE_STRIP = NO;
				DEBUG_INFORMATION_FORMAT = "dwarf-with-dsym";
				ENABLE_NS_ASSERTIONS = NO;
				ENABLE_STRICT_OBJC_MSGSEND = YES;
				GCC_C_LANGUAGE_STANDARD = gnu99;
				GCC_NO_COMMON_BLOCKS = YES;
				GCC_WARN_64_TO_32_BIT_CONVERSION = YES;
				GCC_WARN_ABOUT_RETURN_TYPE = YES_ERROR;
				GCC_WARN_UNDECLARED_SELECTOR = YES;
				GCC_WARN_UNINITIALIZED_AUTOS = YES_AGGRESSIVE;
				GCC_WARN_UNUSED_FUNCTION = YES;
				GCC_WARN_UNUSED_VARIABLE = YES;
				IPHONEOS_DEPLOYMENT_TARGET = 10.0;
				MTL_ENABLE_DEBUG_INFO = NO;
				SDKROOT = iphoneos;
				SWIFT_OPTIMIZATION_LEVEL = "-Owholemodule";
				VALIDATE_PRODUCT = YES;
			};
			name = Release;
		};
		AB999BC61DCE6565004EDA95 /* Debug */ = {
			isa = XCBuildConfiguration;
			buildSettings = {
				ASSETCATALOG_COMPILER_APPICON_NAME = AppIcon;
				DEVELOPMENT_TEAM = W2MHQ39N9M;
				INFOPLIST_FILE = ConfigurationDemo/Info.plist;
				LD_RUNPATH_SEARCH_PATHS = "$(inherited) @executable_path/Frameworks";
				PRODUCT_BUNDLE_IDENTIFIER = com.uniqlabs.ConfigurationDemo;
				PRODUCT_NAME = "$(TARGET_NAME)";
				SWIFT_VERSION = 3.0;
			};
			name = Debug;
		};
		AB999BC71DCE6565004EDA95 /* Release */ = {
			isa = XCBuildConfiguration;
			buildSettings = {
				ASSETCATALOG_COMPILER_APPICON_NAME = AppIcon;
				DEVELOPMENT_TEAM = W2MHQ39N9M;
				INFOPLIST_FILE = ConfigurationDemo/Info.plist;
				LD_RUNPATH_SEARCH_PATHS = "$(inherited) @executable_path/Frameworks";
				PRODUCT_BUNDLE_IDENTIFIER = com.uniqlabs.ConfigurationDemo;
				PRODUCT_NAME = "$(TARGET_NAME)";
				SWIFT_VERSION = 3.0;
			};
			name = Release;
		};
		AB999BC91DCE6565004EDA95 /* Debug */ = {
			isa = XCBuildConfiguration;
			buildSettings = {
				ALWAYS_EMBED_SWIFT_STANDARD_LIBRARIES = YES;
				DEVELOPMENT_TEAM = W2MHQ39N9M;
				INFOPLIST_FILE = ConfigurationDemoUITests/Info.plist;
				LD_RUNPATH_SEARCH_PATHS = "$(inherited) @executable_path/Frameworks @loader_path/Frameworks";
				PRODUCT_BUNDLE_IDENTIFIER = com.uniqlabs.ConfigurationDemoUITests;
				PRODUCT_NAME = "$(TARGET_NAME)";
				SWIFT_VERSION = 3.0;
				TEST_TARGET_NAME = ConfigurationDemo;
			};
			name = Debug;
		};
		AB999BCA1DCE6565004EDA95 /* Release */ = {
			isa = XCBuildConfiguration;
			buildSettings = {
				ALWAYS_EMBED_SWIFT_STANDARD_LIBRARIES = YES;
				DEVELOPMENT_TEAM = W2MHQ39N9M;
				INFOPLIST_FILE = ConfigurationDemoUITests/Info.plist;
				LD_RUNPATH_SEARCH_PATHS = "$(inherited) @executable_path/Frameworks @loader_path/Frameworks";
				PRODUCT_BUNDLE_IDENTIFIER = com.uniqlabs.ConfigurationDemoUITests;
				PRODUCT_NAME = "$(TARGET_NAME)";
				SWIFT_VERSION = 3.0;
				TEST_TARGET_NAME = ConfigurationDemo;
			};
			name = Release;
		};
/* End XCBuildConfiguration section */

/* Begin XCConfigurationList section */
		AB999BA31DCE6564004EDA95 /* Build configuration list for PBXProject "ConfigurationDemo" */ = {
			isa = XCConfigurationList;
			buildConfigurations = (
				AB999BC31DCE6565004EDA95 /* Debug */,
				AB999BC41DCE6565004EDA95 /* Release */,
			);
			defaultConfigurationIsVisible = 0;
			defaultConfigurationName = Release;
		};
		AB999BC51DCE6565004EDA95 /* Build configuration list for PBXNativeTarget "ConfigurationDemo" */ = {
			isa = XCConfigurationList;
			buildConfigurations = (
				AB999BC61DCE6565004EDA95 /* Debug */,
				AB999BC71DCE6565004EDA95 /* Release */,
			);
			defaultConfigurationIsVisible = 0;
		};
		AB999BC81DCE6565004EDA95 /* Build configuration list for PBXNativeTarget "ConfigurationDemoUITests" */ = {
			isa = XCConfigurationList;
			buildConfigurations = (
				AB999BC91DCE6565004EDA95 /* Debug */,
				AB999BCA1DCE6565004EDA95 /* Release */,
			);
			defaultConfigurationIsVisible = 0;
		};
/* End XCConfigurationList section */
	};
	rootObject = AB999BA01DCE6564004EDA95 /* Project object */;
}
